
Microsoft Visual Studio Solution File, Format Version 12.00
# Visual Studio Version 16
VisualStudioVersion = 16.0.29201.188
MinimumVisualStudioVersion = 10.0.40219.1
Project("{FAE04EC0-301F-11D3-BF4B-00C04F79EFBC}") = "MediaLibrary", "MediaLibrary\MediaLibrary.csproj", "{44E25F92-02E0-4C10-9B7C-81C0057373F2}"
EndProject
Project("{FAE04EC0-301F-11D3-BF4B-00C04F79EFBC}") = "DataModel", "DataModel\DataModel.csproj", "{349DEF0F-8B15-449D-9F61-DB910FAE5244}"
EndProject
Project("{FAE04EC0-301F-11D3-BF4B-00C04F79EFBC}") = "DataControl", "DataControl\DataControl.csproj", "{7969A6FA-D288-45B0-AB23-8374C77791D1}"
EndProject
Global
	GlobalSection(SolutionConfigurationPlatforms) = preSolution
		Debug|Any CPU = Debug|Any CPU
		Release|Any CPU = Release|Any CPU
	EndGlobalSection
	GlobalSection(ProjectConfigurationPlatforms) = postSolution
		{44E25F92-02E0-4C10-9B7C-81C0057373F2}.Debug|Any CPU.ActiveCfg = Debug|Any CPU
		{44E25F92-02E0-4C10-9B7C-81C0057373F2}.Debug|Any CPU.Build.0 = Debug|Any CPU
		{44E25F92-02E0-4C10-9B7C-81C0057373F2}.Release|Any CPU.ActiveCfg = Release|Any CPU
		{44E25F92-02E0-4C10-9B7C-81C0057373F2}.Release|Any CPU.Build.0 = Release|Any CPU
		{349DEF0F-8B15-449D-9F61-DB910FAE5244}.Debug|Any CPU.ActiveCfg = Debug|Any CPU
		{349DEF0F-8B15-449D-9F61-DB910FAE5244}.Debug|Any CPU.Build.0 = Debug|Any CPU
		{349DEF0F-8B15-449D-9F61-DB910FAE5244}.Release|Any CPU.ActiveCfg = Release|Any CPU
		{349DEF0F-8B15-449D-9F61-DB910FAE5244}.Release|Any CPU.Build.0 = Release|Any CPU
		{7969A6FA-D288-45B0-AB23-8374C77791D1}.Debug|Any CPU.ActiveCfg = Debug|Any CPU
		{7969A6FA-D288-45B0-AB23-8374C77791D1}.Debug|Any CPU.Build.0 = Debug|Any CPU
		{7969A6FA-D288-45B0-AB23-8374C77791D1}.Release|Any CPU.ActiveCfg = Release|Any CPU
		{7969A6FA-D288-45B0-AB23-8374C77791D1}.Release|Any CPU.Build.0 = Release|Any CPU
	EndGlobalSection
	GlobalSection(SolutionProperties) = preSolution
		HideSolutionNode = FALSE
	EndGlobalSection
	GlobalSection(ExtensibilityGlobals) = postSolution
		SolutionGuid = {DEA45DAE-E639-4F01-9DC7-9861C11DB950}
	EndGlobalSection
EndGlobal
